
Microsoft Visual Studio Solution File, Format Version 12.00
# Visual Studio 15
VisualStudioVersion = 15.0.28307.136
MinimumVisualStudioVersion = 10.0.40219.1
Project("{FAE04EC0-301F-11D3-BF4B-00C04F79EFBC}") = "MsBuildToCCNet", "MsBuildToCCNet.csproj", "{61AC5973-AE7F-42BD-9A92-47D013C18C24}"
EndProject
Global
	GlobalSection(SolutionConfigurationPlatforms) = preSolution
		Debug|Any CPU = Debug|Any CPU
		Release|Any CPU = Release|Any CPU
	EndGlobalSection
	GlobalSection(ProjectConfigurationPlatforms) = postSolution
		{61AC5973-AE7F-42BD-9A92-47D013C18C24}.Debug|Any CPU.ActiveCfg = Debug|Any CPU
		{61AC5973-AE7F-42BD-9A92-47D013C18C24}.Debug|Any CPU.Build.0 = Debug|Any CPU
		{61AC5973-AE7F-42BD-9A92-47D013C18C24}.Release|Any CPU.ActiveCfg = Release|Any CPU
		{61AC5973-AE7F-42BD-9A92-47D013C18C24}.Release|Any CPU.Build.0 = Release|Any CPU
	EndGlobalSection
	GlobalSection(SolutionProperties) = preSolution
		HideSolutionNode = FALSE
	EndGlobalSection
	GlobalSection(ExtensibilityGlobals) = postSolution
		SolutionGuid = {DC035DD5-9DF8-4AE8-A615-D5968AA43813}
	EndGlobalSection
EndGlobal
